// !$*UTF8*$!
{
	archiveVersion = 1;
	classes = {
	};
	objectVersion = 77;
	objects = {

/* Begin PBXBuildFile section */
		B55087522FBBB6C5005B7736 /* WidgetKit.framework in Frameworks */ = {isa = PBXBuildFile; fileRef = B55087512FBBB6C5005B7736 /* WidgetKit.framework */; };
		B55087542FBBB6C5005B7736 /* SwiftUI.framework in Frameworks */ = {isa = PBXBuildFile; fileRef = B55087532FBBB6C5005B7736 /* SwiftUI.framework */; };
		B55087652FBBB6C7005B7736 /* widgetExtension.appex in Embed Foundation Extensions */ = {isa = PBXBuildFile; fileRef = B550874F2FBBB6C5005B7736 /* widgetExtension.appex */; settings = {ATTRIBUTES = (RemoveHeadersOnCopy, ); }; };
/* End PBXBuildFile section */

/* Begin PBXContainerItemProxy section */
		B53BC1D72FAA954B000FA074 /* PBXContainerItemProxy */ = {
			isa = PBXContainerItemProxy;
			containerPortal = B53BC1C12FAA9547000FA074 /* Project object */;
			proxyType = 1;
			remoteGlobalIDString = B53BC1C82FAA9547000FA074;
			remoteInfo = prodwatch;
		};
		B53BC1E12FAA954B000FA074 /* PBXContainerItemProxy */ = {
			isa = PBXContainerItemProxy;
			containerPortal = B53BC1C12FAA9547000FA074 /* Project object */;
			proxyType = 1;
			remoteGlobalIDString = B53BC1C82FAA9547000FA074;
			remoteInfo = prodwatch;
		};
		B550872B2FBBADBD005B7736 /* PBXContainerItemProxy */ = {
			isa = PBXContainerItemProxy;
			containerPortal = B53BC1C12FAA9547000FA074 /* Project object */;
			proxyType = 1;
			remoteGlobalIDString = B550871D2FBBADBA005B7736;
			remoteInfo = prodwatch.ios;
		};
		B55087352FBBADBD005B7736 /* PBXContainerItemProxy */ = {
			isa = PBXContainerItemProxy;
			containerPortal = B53BC1C12FAA9547000FA074 /* Project object */;
			proxyType = 1;
			remoteGlobalIDString = B550871D2FBBADBA005B7736;
			remoteInfo = prodwatch.ios;
		};
		B55087632FBBB6C7005B7736 /* PBXContainerItemProxy */ = {
			isa = PBXContainerItemProxy;
			containerPortal = B53BC1C12FAA9547000FA074 /* Project object */;
			proxyType = 1;
			remoteGlobalIDString = B550874E2FBBB6C5005B7736;
			remoteInfo = widgetExtension;
		};
/* End PBXContainerItemProxy section */

/* Begin PBXCopyFilesBuildPhase section */
		B550876A2FBBB6C7005B7736 /* Embed Foundation Extensions */ = {
			isa = PBXCopyFilesBuildPhase;
			buildActionMask = 2147483647;
			dstPath = "";
			dstSubfolderSpec = 13;
			files = (
				B55087652FBBB6C7005B7736 /* widgetExtension.appex in Embed Foundation Extensions */,
			);
			name = "Embed Foundation Extensions";
			runOnlyForDeploymentPostprocessing = 0;
		};
/* End PBXCopyFilesBuildPhase section */

/* Begin PBXFileReference section */
		B53BC1C92FAA9547000FA074 /* prodwatch.app */ = {isa = PBXFileReference; explicitFileType = wrapper.application; includeInIndex = 0; path = prodwatch.app; sourceTree = BUILT_PRODUCTS_DIR; };
		B53BC1D62FAA954B000FA074 /* prodwatchTests.xctest */ = {isa = PBXFileReference; explicitFileType = wrapper.cfbundle; includeInIndex = 0; path = prodwatchTests.xctest; sourceTree = BUILT_PRODUCTS_DIR; };
		B53BC1E02FAA954B000FA074 /* prodwatchUITests.xctest */ = {isa = PBXFileReference; explicitFileType = wrapper.cfbundle; includeInIndex = 0; path = prodwatchUITests.xctest; sourceTree = BUILT_PRODUCTS_DIR; };
		B550871E2FBBADBA005B7736 /* prodwatch.ios.app */ = {isa = PBXFileReference; explicitFileType = wrapper.application; includeInIndex = 0; path = prodwatch.ios.app; sourceTree = BUILT_PRODUCTS_DIR; };
		B550872A2FBBADBD005B7736 /* prodwatch.iosTests.xctest */ = {isa = PBXFileReference; explicitFileType = wrapper.cfbundle; includeInIndex = 0; path = prodwatch.iosTests.xctest; sourceTree = BUILT_PRODUCTS_DIR; };
		B55087342FBBADBD005B7736 /* prodwatch.iosUITests.xctest */ = {isa = PBXFileReference; explicitFileType = wrapper.cfbundle; includeInIndex = 0; path = prodwatch.iosUITests.xctest; sourceTree = BUILT_PRODUCTS_DIR; };
		B550874F2FBBB6C5005B7736 /* widgetExtension.appex */ = {isa = PBXFileReference; explicitFileType = "wrapper.app-extension"; includeInIndex = 0; path = widgetExtension.appex; sourceTree = BUILT_PRODUCTS_DIR; };
		B55087512FBBB6C5005B7736 /* WidgetKit.framework */ = {isa = PBXFileReference; lastKnownFileType = wrapper.framework; name = WidgetKit.framework; path = System/Library/Frameworks/WidgetKit.framework; sourceTree = SDKROOT; };
		B55087532FBBB6C5005B7736 /* SwiftUI.framework */ = {isa = PBXFileReference; lastKnownFileType = wrapper.framework; name = SwiftUI.framework; path = System/Library/Frameworks/SwiftUI.framework; sourceTree = SDKROOT; };
		B550876B2FBBB899005B7736 /* widgetExtension.entitlements */ = {isa = PBXFileReference; lastKnownFileType = text.plist.entitlements; path = widgetExtension.entitlements; sourceTree = "<group>"; };
/* End PBXFileReference section */

/* Begin PBXFileSystemSynchronizedBuildFileExceptionSet section */
		B53BC2132FABB9DB000FA074 /* Exceptions for "prodwatch" folder in "prodwatch" target */ = {
			isa = PBXFileSystemSynchronizedBuildFileExceptionSet;
			membershipExceptions = (
				Info.plist,
			);
			target = B53BC1C82FAA9547000FA074 /* prodwatch */;
		};
		B53BC21A2FABC557000FA074 /* Exceptions for "prodwatch" folder in "prodwatchTests" target */ = {
			isa = PBXFileSystemSynchronizedBuildFileExceptionSet;
			membershipExceptions = (
				prodwatch.icon,
			);
			target = B53BC1D52FAA954B000FA074 /* prodwatchTests */;
		};
		B53BC21B2FABC557000FA074 /* Exceptions for "prodwatch" folder in "prodwatchUITests" target */ = {
			isa = PBXFileSystemSynchronizedBuildFileExceptionSet;
			membershipExceptions = (
				prodwatch.icon,
			);
			target = B53BC1DF2FAA954B000FA074 /* prodwatchUITests */;
		};
		B55087662FBBB6C7005B7736 /* Exceptions for "widget" folder in "widgetExtension" target */ = {
			isa = PBXFileSystemSynchronizedBuildFileExceptionSet;
			membershipExceptions = (
				Info.plist,
			);
			target = B550874E2FBBB6C5005B7736 /* widgetExtension */;
		};
/* End PBXFileSystemSynchronizedBuildFileExceptionSet section */

/* Begin PBXFileSystemSynchronizedRootGroup section */
		B53BC1CB2FAA9547000FA074 /* prodwatch */ = {
			isa = PBXFileSystemSynchronizedRootGroup;
			exceptions = (
				B53BC2132FABB9DB000FA074 /* Exceptions for "prodwatch" folder in "prodwatch" target */,
				B53BC21A2FABC557000FA074 /* Exceptions for "prodwatch" folder in "prodwatchTests" target */,
				B53BC21B2FABC557000FA074 /* Exceptions for "prodwatch" folder in "prodwatchUITests" target */,
			);
			path = prodwatch;
			sourceTree = "<group>";
		};
		B53BC1D92FAA954B000FA074 /* prodwatchTests */ = {
			isa = PBXFileSystemSynchronizedRootGroup;
			path = prodwatchTests;
			sourceTree = "<group>";
		};
		B53BC1E32FAA954B000FA074 /* prodwatchUITests */ = {
			isa = PBXFileSystemSynchronizedRootGroup;
			path = prodwatchUITests;
			sourceTree = "<group>";
		};
		B550871F2FBBADBA005B7736 /* prodwatch.ios */ = {
			isa = PBXFileSystemSynchronizedRootGroup;
			path = prodwatch.ios;
			sourceTree = "<group>";
		};
		B550872D2FBBADBD005B7736 /* prodwatch.iosTests */ = {
			isa = PBXFileSystemSynchronizedRootGroup;
			path = prodwatch.iosTests;
			sourceTree = "<group>";
		};
		B55087372FBBADBD005B7736 /* prodwatch.iosUITests */ = {
			isa = PBXFileSystemSynchronizedRootGroup;
			path = prodwatch.iosUITests;
			sourceTree = "<group>";
		};
		B55087552FBBB6C5005B7736 /* widget */ = {
			isa = PBXFileSystemSynchronizedRootGroup;
			exceptions = (
				B55087662FBBB6C7005B7736 /* Exceptions for "widget" folder in "widgetExtension" target */,
			);
			path = widget;
			sourceTree = "<group>";
		};
/* End PBXFileSystemSynchronizedRootGroup section */

/* Begin PBXFrameworksBuildPhase section */
		B53BC1C62FAA9547000FA074 /* Frameworks */ = {
			isa = PBXFrameworksBuildPhase;
			buildActionMask = 2147483647;
			files = (
			);
			runOnlyForDeploymentPostprocessing = 0;
		};
		B53BC1D32FAA954B000FA074 /* Frameworks */ = {
			isa = PBXFrameworksBuildPhase;
			buildActionMask = 2147483647;
			files = (
			);
			runOnlyForDeploymentPostprocessing = 0;
		};
		B53BC1DD2FAA954B000FA074 /* Frameworks */ = {
			isa = PBXFrameworksBuildPhase;
			buildActionMask = 2147483647;
			files = (
			);
			runOnlyForDeploymentPostprocessing = 0;
		};
		B550871B2FBBADBA005B7736 /* Frameworks */ = {
			isa = PBXFrameworksBuildPhase;
			buildActionMask = 2147483647;
			files = (
			);
			runOnlyForDeploymentPostprocessing = 0;
		};
		B55087272FBBADBD005B7736 /* Frameworks */ = {
			isa = PBXFrameworksBuildPhase;
			buildActionMask = 2147483647;
			files = (
			);
			runOnlyForDeploymentPostprocessing = 0;
		};
		B55087312FBBADBD005B7736 /* Frameworks */ = {
			isa = PBXFrameworksBuildPhase;
			buildActionMask = 2147483647;
			files = (
			);
			runOnlyForDeploymentPostprocessing = 0;
		};
		B550874C2FBBB6C5005B7736 /* Frameworks */ = {
			isa = PBXFrameworksBuildPhase;
			buildActionMask = 2147483647;
			files = (
				B55087542FBBB6C5005B7736 /* SwiftUI.framework in Frameworks */,
				B55087522FBBB6C5005B7736 /* WidgetKit.framework in Frameworks */,
			);
			runOnlyForDeploymentPostprocessing = 0;
		};
/* End PBXFrameworksBuildPhase section */

/* Begin PBXGroup section */
		B53BC1C02FAA9547000FA074 = {
			isa = PBXGroup;
			children = (
				B550876B2FBBB899005B7736 /* widgetExtension.entitlements */,
				B53BC1CB2FAA9547000FA074 /* prodwatch */,
				B53BC1D92FAA954B000FA074 /* prodwatchTests */,
				B53BC1E32FAA954B000FA074 /* prodwatchUITests */,
				B550871F2FBBADBA005B7736 /* prodwatch.ios */,
				B550872D2FBBADBD005B7736 /* prodwatch.iosTests */,
				B55087372FBBADBD005B7736 /* prodwatch.iosUITests */,
				B55087552FBBB6C5005B7736 /* widget */,
				B55087502FBBB6C5005B7736 /* Frameworks */,
				B53BC1CA2FAA9547000FA074 /* Products */,
			);
			sourceTree = "<group>";
		};
		B53BC1CA2FAA9547000FA074 /* Products */ = {
			isa = PBXGroup;
			children = (
				B53BC1C92FAA9547000FA074 /* prodwatch.app */,
				B53BC1D62FAA954B000FA074 /* prodwatchTests.xctest */,
				B53BC1E02FAA954B000FA074 /* prodwatchUITests.xctest */,
				B550871E2FBBADBA005B7736 /* prodwatch.ios.app */,
				B550872A2FBBADBD005B7736 /* prodwatch.iosTests.xctest */,
				B55087342FBBADBD005B7736 /* prodwatch.iosUITests.xctest */,
				B550874F2FBBB6C5005B7736 /* widgetExtension.appex */,
			);
			name = Products;
			sourceTree = "<group>";
		};
		B55087502FBBB6C5005B7736 /* Frameworks */ = {
			isa = PBXGroup;
			children = (
				B55087512FBBB6C5005B7736 /* WidgetKit.framework */,
				B55087532FBBB6C5005B7736 /* SwiftUI.framework */,
			);
			name = Frameworks;
			sourceTree = "<group>";
		};
/* End PBXGroup section */

/* Begin PBXNativeTarget section */
		B53BC1C82FAA9547000FA074 /* prodwatch */ = {
			isa = PBXNativeTarget;
			buildConfigurationList = B53BC1EA2FAA954B000FA074 /* Build configuration list for PBXNativeTarget "prodwatch" */;
			buildPhases = (
				B53BC1C52FAA9547000FA074 /* Sources */,
				B53BC1C62FAA9547000FA074 /* Frameworks */,
				B53BC1C72FAA9547000FA074 /* Resources */,
			);
			buildRules = (
			);
			dependencies = (
			);
			fileSystemSynchronizedGroups = (
				B53BC1CB2FAA9547000FA074 /* prodwatch */,
			);
			name = prodwatch;
			packageProductDependencies = (
			);
			productName = prodwatch;
			productReference = B53BC1C92FAA9547000FA074 /* prodwatch.app */;
			productType = "com.apple.product-type.application";
		};
		B53BC1D52FAA954B000FA074 /* prodwatchTests */ = {
			isa = PBXNativeTarget;
			buildConfigurationList = B53BC1ED2FAA954B000FA074 /* Build configuration list for PBXNativeTarget "prodwatchTests" */;
			buildPhases = (
				B53BC1D22FAA954B000FA074 /* Sources */,
				B53BC1D32FAA954B000FA074 /* Frameworks */,
				B53BC1D42FAA954B000FA074 /* Resources */,
			);
			buildRules = (
			);
			dependencies = (
				B53BC1D82FAA954B000FA074 /* PBXTargetDependency */,
			);
			fileSystemSynchronizedGroups = (
				B53BC1D92FAA954B000FA074 /* prodwatchTests */,
			);
			name = prodwatchTests;
			packageProductDependencies = (
			);
			productName = prodwatchTests;
			productReference = B53BC1D62FAA954B000FA074 /* prodwatchTests.xctest */;
			productType = "com.apple.product-type.bundle.unit-test";
		};
		B53BC1DF2FAA954B000FA074 /* prodwatchUITests */ = {
			isa = PBXNativeTarget;
			buildConfigurationList = B53BC1F02FAA954B000FA074 /* Build configuration list for PBXNativeTarget "prodwatchUITests" */;
			buildPhases = (
				B53BC1DC2FAA954B000FA074 /* Sources */,
				B53BC1DD2FAA954B000FA074 /* Frameworks */,
				B53BC1DE2FAA954B000FA074 /* Resources */,
			);
			buildRules = (
			);
			dependencies = (
				B53BC1E22FAA954B000FA074 /* PBXTargetDependency */,
			);
			fileSystemSynchronizedGroups = (
				B53BC1E32FAA954B000FA074 /* prodwatchUITests */,
			);
			name = prodwatchUITests;
			packageProductDependencies = (
			);
			productName = prodwatchUITests;
			productReference = B53BC1E02FAA954B000FA074 /* prodwatchUITests.xctest */;
			productType = "com.apple.product-type.bundle.ui-testing";
		};
		B550871D2FBBADBA005B7736 /* prodwatch.ios */ = {
			isa = PBXNativeTarget;
			buildConfigurationList = B55087422FBBADBD005B7736 /* Build configuration list for PBXNativeTarget "prodwatch.ios" */;
			buildPhases = (
				B550871A2FBBADBA005B7736 /* Sources */,
				B550871B2FBBADBA005B7736 /* Frameworks */,
				B550871C2FBBADBA005B7736 /* Resources */,
				B550876A2FBBB6C7005B7736 /* Embed Foundation Extensions */,
			);
			buildRules = (
			);
			dependencies = (
				B55087642FBBB6C7005B7736 /* PBXTargetDependency */,
			);
			fileSystemSynchronizedGroups = (
				B550871F2FBBADBA005B7736 /* prodwatch.ios */,
			);
			name = prodwatch.ios;
			packageProductDependencies = (
			);
			productName = prodwatch.ios;
			productReference = B550871E2FBBADBA005B7736 /* prodwatch.ios.app */;
			productType = "com.apple.product-type.application";
		};
		B55087292FBBADBD005B7736 /* prodwatch.iosTests */ = {
			isa = PBXNativeTarget;
			buildConfigurationList = B55087432FBBADBD005B7736 /* Build configuration list for PBXNativeTarget "prodwatch.iosTests" */;
			buildPhases = (
				B55087262FBBADBD005B7736 /* Sources */,
				B55087272FBBADBD005B7736 /* Frameworks */,
				B55087282FBBADBD005B7736 /* Resources */,
			);
			buildRules = (
			);
			dependencies = (
				B550872C2FBBADBD005B7736 /* PBXTargetDependency */,
			);
			fileSystemSynchronizedGroups = (
				B550872D2FBBADBD005B7736 /* prodwatch.iosTests */,
			);
			name = prodwatch.iosTests;
			packageProductDependencies = (
			);
			productName = prodwatch.iosTests;
			productReference = B550872A2FBBADBD005B7736 /* prodwatch.iosTests.xctest */;
			productType = "com.apple.product-type.bundle.unit-test";
		};
		B55087332FBBADBD005B7736 /* prodwatch.iosUITests */ = {
			isa = PBXNativeTarget;
			buildConfigurationList = B55087442FBBADBD005B7736 /* Build configuration list for PBXNativeTarget "prodwatch.iosUITests" */;
			buildPhases = (
				B55087302FBBADBD005B7736 /* Sources */,
				B55087312FBBADBD005B7736 /* Frameworks */,
				B55087322FBBADBD005B7736 /* Resources */,
			);
			buildRules = (
			);
			dependencies = (
				B55087362FBBADBD005B7736 /* PBXTargetDependency */,
			);
			fileSystemSynchronizedGroups = (
				B55087372FBBADBD005B7736 /* prodwatch.iosUITests */,
			);
			name = prodwatch.iosUITests;
			packageProductDependencies = (
			);
			productName = prodwatch.iosUITests;
			productReference = B55087342FBBADBD005B7736 /* prodwatch.iosUITests.xctest */;
			productType = "com.apple.product-type.bundle.ui-testing";
		};
		B550874E2FBBB6C5005B7736 /* widgetExtension */ = {
			isa = PBXNativeTarget;
			buildConfigurationList = B55087672FBBB6C7005B7736 /* Build configuration list for PBXNativeTarget "widgetExtension" */;
			buildPhases = (
				B550874B2FBBB6C5005B7736 /* Sources */,
				B550874C2FBBB6C5005B7736 /* Frameworks */,
				B550874D2FBBB6C5005B7736 /* Resources */,
			);
			buildRules = (
			);
			dependencies = (
			);
			fileSystemSynchronizedGroups = (
				B55087552FBBB6C5005B7736 /* widget */,
			);
			name = widgetExtension;
			packageProductDependencies = (
			);
			productName = widgetExtension;
			productReference = B550874F2FBBB6C5005B7736 /* widgetExtension.appex */;
			productType = "com.apple.product-type.app-extension";
		};
/* End PBXNativeTarget section */

/* Begin PBXProject section */
		B53BC1C12FAA9547000FA074 /* Project object */ = {
			isa = PBXProject;
			attributes = {
				BuildIndependentTargetsInParallel = 1;
				LastSwiftUpdateCheck = 2630;
				LastUpgradeCheck = 2630;
				TargetAttributes = {
					B53BC1C82FAA9547000FA074 = {
						CreatedOnToolsVersion = 26.3;
					};
					B53BC1D52FAA954B000FA074 = {
						CreatedOnToolsVersion = 26.3;
						TestTargetID = B53BC1C82FAA9547000FA074;
					};
					B53BC1DF2FAA954B000FA074 = {
						CreatedOnToolsVersion = 26.3;
						TestTargetID = B53BC1C82FAA9547000FA074;
					};
					B550871D2FBBADBA005B7736 = {
						CreatedOnToolsVersion = 26.3;
					};
					B55087292FBBADBD005B7736 = {
						CreatedOnToolsVersion = 26.3;
						TestTargetID = B550871D2FBBADBA005B7736;
					};
					B55087332FBBADBD005B7736 = {
						CreatedOnToolsVersion = 26.3;
						TestTargetID = B550871D2FBBADBA005B7736;
					};
					B550874E2FBBB6C5005B7736 = {
						CreatedOnToolsVersion = 26.3;
					};
				};
			};
			buildConfigurationList = B53BC1C42FAA9547000FA074 /* Build configuration list for PBXProject "prodwatch" */;
			developmentRegion = en;
			hasScannedForEncodings = 0;
			knownRegions = (
				en,
				Base,
			);
			mainGroup = B53BC1C02FAA9547000FA074;
			minimizedProjectReferenceProxies = 1;
			preferredProjectObjectVersion = 77;
			productRefGroup = B53BC1CA2FAA9547000FA074 /* Products */;
			projectDirPath = "";
			projectRoot = "";
			targets = (
				B53BC1C82FAA9547000FA074 /* prodwatch */,
				B53BC1D52FAA954B000FA074 /* prodwatchTests */,
				B53BC1DF2FAA954B000FA074 /* prodwatchUITests */,
				B550871D2FBBADBA005B7736 /* prodwatch.ios */,
				B55087292FBBADBD005B7736 /* prodwatch.iosTests */,
				B55087332FBBADBD005B7736 /* prodwatch.iosUITests */,
				B550874E2FBBB6C5005B7736 /* widgetExtension */,
			);
		};
/* End PBXProject section */

/* Begin PBXResourcesBuildPhase section */
		B53BC1C72FAA9547000FA074 /* Resources */ = {
			isa = PBXResourcesBuildPhase;
			buildActionMask = 2147483647;
			files = (
			);
			runOnlyForDeploymentPostprocessing = 0;
		};
		B53BC1D42FAA954B000FA074 /* Resources */ = {
			isa = PBXResourcesBuildPhase;
			buildActionMask = 2147483647;
			files = (
			);
			runOnlyForDeploymentPostprocessing = 0;
		};
		B53BC1DE2FAA954B000FA074 /* Resources */ = {
			isa = PBXResourcesBuildPhase;
			buildActionMask = 2147483647;
			files = (
			);
			runOnlyForDeploymentPostprocessing = 0;
		};
		B550871C2FBBADBA005B7736 /* Resources */ = {
			isa = PBXResourcesBuildPhase;
			buildActionMask = 2147483647;
			files = (
			);
			runOnlyForDeploymentPostprocessing = 0;
		};
		B55087282FBBADBD005B7736 /* Resources */ = {
			isa = PBXResourcesBuildPhase;
			buildActionMask = 2147483647;
			files = (
			);
			runOnlyForDeploymentPostprocessing = 0;
		};
		B55087322FBBADBD005B7736 /* Resources */ = {
			isa = PBXResourcesBuildPhase;
			buildActionMask = 2147483647;
			files = (
			);
			runOnlyForDeploymentPostprocessing = 0;
		};
		B550874D2FBBB6C5005B7736 /* Resources */ = {
			isa = PBXResourcesBuildPhase;
			buildActionMask = 2147483647;
			files = (
			);
			runOnlyForDeploymentPostprocessing = 0;
		};
/* End PBXResourcesBuildPhase section */

/* Begin PBXSourcesBuildPhase section */
		B53BC1C52FAA9547000FA074 /* Sources */ = {
			isa = PBXSourcesBuildPhase;
			buildActionMask = 2147483647;
			files = (
			);
			runOnlyForDeploymentPostprocessing = 0;
		};
		B53BC1D22FAA954B000FA074 /* Sources */ = {
			isa = PBXSourcesBuildPhase;
			buildActionMask = 2147483647;
			files = (
			);
			runOnlyForDeploymentPostprocessing = 0;
		};
		B53BC1DC2FAA954B000FA074 /* Sources */ = {
			isa = PBXSourcesBuildPhase;
			buildActionMask = 2147483647;
			files = (
			);
			runOnlyForDeploymentPostprocessing = 0;
		};
		B550871A2FBBADBA005B7736 /* Sources */ = {
			isa = PBXSourcesBuildPhase;
			buildActionMask = 2147483647;
			files = (
			);
			runOnlyForDeploymentPostprocessing = 0;
		};
		B55087262FBBADBD005B7736 /* Sources */ = {
			isa = PBXSourcesBuildPhase;
			buildActionMask = 2147483647;
			files = (
			);
			runOnlyForDeploymentPostprocessing = 0;
		};
		B55087302FBBADBD005B7736 /* Sources */ = {
			isa = PBXSourcesBuildPhase;
			buildActionMask = 2147483647;
			files = (
			);
			runOnlyForDeploymentPostprocessing = 0;
		};
		B550874B2FBBB6C5005B7736 /* Sources */ = {
			isa = PBXSourcesBuildPhase;
			buildActionMask = 2147483647;
			files = (
			);
			runOnlyForDeploymentPostprocessing = 0;
		};
/* End PBXSourcesBuildPhase section */

/* Begin PBXTargetDependency section */
		B53BC1D82FAA954B000FA074 /* PBXTargetDependency */ = {
			isa = PBXTargetDependency;
			target = B53BC1C82FAA9547000FA074 /* prodwatch */;
			targetProxy = B53BC1D72FAA954B000FA074 /* PBXContainerItemProxy */;
		};
		B53BC1E22FAA954B000FA074 /* PBXTargetDependency */ = {
			isa = PBXTargetDependency;
			target = B53BC1C82FAA9547000FA074 /* prodwatch */;
			targetProxy = B53BC1E12FAA954B000FA074 /* PBXContainerItemProxy */;
		};
		B550872C2FBBADBD005B7736 /* PBXTargetDependency */ = {
			isa = PBXTargetDependency;
			target = B550871D2FBBADBA005B7736 /* prodwatch.ios */;
			targetProxy = B550872B2FBBADBD005B7736 /* PBXContainerItemProxy */;
		};
		B55087362FBBADBD005B7736 /* PBXTargetDependency */ = {
			isa = PBXTargetDependency;
			target = B550871D2FBBADBA005B7736 /* prodwatch.ios */;
			targetProxy = B55087352FBBADBD005B7736 /* PBXContainerItemProxy */;
		};
		B55087642FBBB6C7005B7736 /* PBXTargetDependency */ = {
			isa = PBXTargetDependency;
			target = B550874E2FBBB6C5005B7736 /* widgetExtension */;
			targetProxy = B55087632FBBB6C7005B7736 /* PBXContainerItemProxy */;
		};
/* End PBXTargetDependency section */

/* Begin XCBuildConfiguration section */
		B53BC1E82FAA954B000FA074 /* Debug */ = {
			isa = XCBuildConfiguration;
			buildSettings = {
				ALWAYS_SEARCH_USER_PATHS = NO;
				ASSETCATALOG_COMPILER_GENERATE_SWIFT_ASSET_SYMBOL_EXTENSIONS = YES;
				CLANG_ANALYZER_NONNULL = YES;
				CLANG_ANALYZER_NUMBER_OBJECT_CONVERSION = YES_AGGRESSIVE;
				CLANG_CXX_LANGUAGE_STANDARD = "gnu++20";
				CLANG_ENABLE_MODULES = YES;
				CLANG_ENABLE_OBJC_ARC = YES;
				CLANG_ENABLE_OBJC_WEAK = YES;
				CLANG_WARN_BLOCK_CAPTURE_AUTORELEASING = YES;
				CLANG_WARN_BOOL_CONVERSION = YES;
				CLANG_WARN_COMMA = YES;
				CLANG_WARN_CONSTANT_CONVERSION = YES;
				CLANG_WARN_DEPRECATED_OBJC_IMPLEMENTATIONS = YES;
				CLANG_WARN_DIRECT_OBJC_ISA_USAGE = YES_ERROR;
				CLANG_WARN_DOCUMENTATION_COMMENTS = YES;
				CLANG_WARN_EMPTY_BODY = YES;
				CLANG_WARN_ENUM_CONVERSION = YES;
				CLANG_WARN_INFINITE_RECURSION = YES;
				CLANG_WARN_INT_CONVERSION = YES;
				CLANG_WARN_NON_LITERAL_NULL_CONVERSION = YES;
				CLANG_WARN_OBJC_IMPLICIT_RETAIN_SELF = YES;
				CLANG_WARN_OBJC_LITERAL_CONVERSION = YES;
				CLANG_WARN_OBJC_ROOT_CLASS = YES_ERROR;
				CLANG_WARN_QUOTED_INCLUDE_IN_FRAMEWORK_HEADER = YES;
				CLANG_WARN_RANGE_LOOP_ANALYSIS = YES;
				CLANG_WARN_STRICT_PROTOTYPES = YES;
				CLANG_WARN_SUSPICIOUS_MOVE = YES;
				CLANG_WARN_UNGUARDED_AVAILABILITY = YES_AGGRESSIVE;
				CLANG_WARN_UNREACHABLE_CODE = YES;
				CLANG_WARN__DUPLICATE_METHOD_MATCH = YES;
				COPY_PHASE_STRIP = NO;
				DEBUG_INFORMATION_FORMAT = dwarf;
				DEVELOPMENT_TEAM = 4MHVF4VD93;
				ENABLE_STRICT_OBJC_MSGSEND = YES;
				ENABLE_TESTABILITY = YES;
				ENABLE_USER_SCRIPT_SANDBOXING = YES;
				GCC_C_LANGUAGE_STANDARD = gnu17;
				GCC_DYNAMIC_NO_PIC = NO;
				GCC_NO_COMMON_BLOCKS = YES;
				GCC_OPTIMIZATION_LEVEL = 0;
				GCC_PREPROCESSOR_DEFINITIONS = (
					"DEBUG=1",
					"$(inherited)",
				);
				GCC_WARN_64_TO_32_BIT_CONVERSION = YES;
				GCC_WARN_ABOUT_RETURN_TYPE = YES_ERROR;
				GCC_WARN_UNDECLARED_SELECTOR = YES;
				GCC_WARN_UNINITIALIZED_AUTOS = YES_AGGRESSIVE;
				GCC_WARN_UNUSED_FUNCTION = YES;
				GCC_WARN_UNUSED_VARIABLE = YES;
				LOCALIZATION_PREFERS_STRING_CATALOGS = YES;
				MACOSX_DEPLOYMENT_TARGET = 15.6;
				MTL_ENABLE_DEBUG_INFO = INCLUDE_SOURCE;
				MTL_FAST_MATH = YES;
				ONLY_ACTIVE_ARCH = YES;
				SDKROOT = macosx;
				SWIFT_ACTIVE_COMPILATION_CONDITIONS = "DEBUG $(inherited)";
				SWIFT_OPTIMIZATION_LEVEL = "-Onone";
				SWIFT_VERSION = 6.0;
			};
			name = Debug;
		};
		B53BC1E92FAA954B000FA074 /* Release */ = {
			isa = XCBuildConfiguration;
			buildSettings = {
				ALWAYS_SEARCH_USER_PATHS = NO;
				ASSETCATALOG_COMPILER_GENERATE_SWIFT_ASSET_SYMBOL_EXTENSIONS = YES;
				CLANG_ANALYZER_NONNULL = YES;
				CLANG_ANALYZER_NUMBER_OBJECT_CONVERSION = YES_AGGRESSIVE;
				CLANG_CXX_LANGUAGE_STANDARD = "gnu++20";
				CLANG_ENABLE_MODULES = YES;
				CLANG_ENABLE_OBJC_ARC = YES;
				CLANG_ENABLE_OBJC_WEAK = YES;
				CLANG_WARN_BLOCK_CAPTURE_AUTORELEASING = YES;
				CLANG_WARN_BOOL_CONVERSION = YES;
				CLANG_WARN_COMMA = YES;
				CLANG_WARN_CONSTANT_CONVERSION = YES;
				CLANG_WARN_DEPRECATED_OBJC_IMPLEMENTATIONS = YES;
				CLANG_WARN_DIRECT_OBJC_ISA_USAGE = YES_ERROR;
				CLANG_WARN_DOCUMENTATION_COMMENTS = YES;
				CLANG_WARN_EMPTY_BODY = YES;
				CLANG_WARN_ENUM_CONVERSION = YES;
				CLANG_WARN_INFINITE_RECURSION = YES;
				CLANG_WARN_INT_CONVERSION = YES;
				CLANG_WARN_NON_LITERAL_NULL_CONVERSION = YES;
				CLANG_WARN_OBJC_IMPLICIT_RETAIN_SELF = YES;
				CLANG_WARN_OBJC_LITERAL_CONVERSION = YES;
				CLANG_WARN_OBJC_ROOT_CLASS = YES_ERROR;
				CLANG_WARN_QUOTED_INCLUDE_IN_FRAMEWORK_HEADER = YES;
				CLANG_WARN_RANGE_LOOP_ANALYSIS = YES;
				CLANG_WARN_STRICT_PROTOTYPES = YES;
				CLANG_WARN_SUSPICIOUS_MOVE = YES;
				CLANG_WARN_UNGUARDED_AVAILABILITY = YES_AGGRESSIVE;
				CLANG_WARN_UNREACHABLE_CODE = YES;
				CLANG_WARN__DUPLICATE_METHOD_MATCH = YES;
				COPY_PHASE_STRIP = NO;
				DEBUG_INFORMATION_FORMAT = "dwarf-with-dsym";
				DEVELOPMENT_TEAM = 4MHVF4VD93;
				ENABLE_NS_ASSERTIONS = NO;
				ENABLE_STRICT_OBJC_MSGSEND = YES;
				ENABLE_USER_SCRIPT_SANDBOXING = YES;
				GCC_C_LANGUAGE_STANDARD = gnu17;
				GCC_NO_COMMON_BLOCKS = YES;
				GCC_WARN_64_TO_32_BIT_CONVERSION = YES;
				GCC_WARN_ABOUT_RETURN_TYPE = YES_ERROR;
				GCC_WARN_UNDECLARED_SELECTOR = YES;
				GCC_WARN_UNINITIALIZED_AUTOS = YES_AGGRESSIVE;
				GCC_WARN_UNUSED_FUNCTION = YES;
				GCC_WARN_UNUSED_VARIABLE = YES;
				LOCALIZATION_PREFERS_STRING_CATALOGS = YES;
				MACOSX_DEPLOYMENT_TARGET = 15.6;
				MTL_ENABLE_DEBUG_INFO = NO;
				MTL_FAST_MATH = YES;
				SDKROOT = macosx;
				SWIFT_COMPILATION_MODE = wholemodule;
				SWIFT_VERSION = 6.0;
			};
			name = Release;
		};
		B53BC1EB2FAA954B000FA074 /* Debug */ = {
			isa = XCBuildConfiguration;
			buildSettings = {
				ASSETCATALOG_COMPILER_APPICON_NAME = prodwatch;
				ASSETCATALOG_COMPILER_GLOBAL_ACCENT_COLOR_NAME = AccentColor;
				ASSETCATALOG_COMPILER_INCLUDE_ALL_APPICON_ASSETS = YES;
				CLANG_USE_OPTIMIZATION_PROFILE = YES;
				CODE_SIGN_ENTITLEMENTS = prodwatch/prodwatch.entitlements;
				CODE_SIGN_IDENTITY = "Apple Development";
				CODE_SIGN_STYLE = Automatic;
				COMBINE_HIDPI_IMAGES = YES;
				CURRENT_PROJECT_VERSION = 1;
				DEVELOPMENT_TEAM = J9BQQCM3K8;
				ENABLE_APP_SANDBOX = NO;
				ENABLE_HARDENED_RUNTIME = YES;
				ENABLE_PREVIEWS = YES;
				GENERATE_INFOPLIST_FILE = YES;
				INFOPLIST_FILE = prodwatch/Info.plist;
				INFOPLIST_KEY_CFBundleDisplayName = ProdWatch;
				INFOPLIST_KEY_LSApplicationCategoryType = "public.app-category.utilities";
				INFOPLIST_KEY_NSHumanReadableCopyright = "";
				INFOPLIST_KEY_NSLocalNetworkUsageDescription = "This app uses OSC to enable automatic show timing.";
				LD_RUNPATH_SEARCH_PATHS = (
					"$(inherited)",
					"@executable_path/../Frameworks",
				);
				MACOSX_DEPLOYMENT_TARGET = 15.6;
				MARKETING_VERSION = 1.0;
				PRODUCT_BUNDLE_IDENTIFIER = sta.prodwatch;
				PRODUCT_NAME = "$(TARGET_NAME)";
				PROVISIONING_PROFILE_SPECIFIER = "";
				REGISTER_APP_GROUPS = YES;
				STRING_CATALOG_GENERATE_SYMBOLS = YES;
				SWIFT_APPROACHABLE_CONCURRENCY = YES;
				SWIFT_DEFAULT_ACTOR_ISOLATION = MainActor;
				SWIFT_EMIT_LOC_STRINGS = YES;
				SWIFT_UPCOMING_FEATURE_MEMBER_IMPORT_VISIBILITY = YES;
				SWIFT_VERSION = 5.0;
			};
			name = Debug;
		};
		B53BC1EC2FAA954B000FA074 /* Release */ = {
			isa = XCBuildConfiguration;
			buildSettings = {
				ASSETCATALOG_COMPILER_APPICON_NAME = prodwatch;
				ASSETCATALOG_COMPILER_GLOBAL_ACCENT_COLOR_NAME = AccentColor;
				ASSETCATALOG_COMPILER_INCLUDE_ALL_APPICON_ASSETS = YES;
				CLANG_USE_OPTIMIZATION_PROFILE = YES;
				CODE_SIGN_ENTITLEMENTS = prodwatch/prodwatchRelease.entitlements;
				"CODE_SIGN_IDENTITY[sdk=macosx*]" = "Apple Development";
				CODE_SIGN_STYLE = Automatic;
				COMBINE_HIDPI_IMAGES = YES;
				CURRENT_PROJECT_VERSION = 1;
				DEVELOPMENT_TEAM = J9BQQCM3K8;
				ENABLE_APP_SANDBOX = NO;
				ENABLE_HARDENED_RUNTIME = YES;
				ENABLE_PREVIEWS = YES;
				GENERATE_INFOPLIST_FILE = YES;
				INFOPLIST_FILE = prodwatch/Info.plist;
				INFOPLIST_KEY_CFBundleDisplayName = ProdWatch;
				INFOPLIST_KEY_LSApplicationCategoryType = "public.app-category.utilities";
				INFOPLIST_KEY_NSHumanReadableCopyright = "";
				INFOPLIST_KEY_NSLocalNetworkUsageDescription = "This app uses OSC to enable automatic show timing.";
				LD_RUNPATH_SEARCH_PATHS = (
					"$(inherited)",
					"@executable_path/../Frameworks",
				);
				MACOSX_DEPLOYMENT_TARGET = 15.6;
				MARKETING_VERSION = 1.0;
				PRODUCT_BUNDLE_IDENTIFIER = sta.prodwatch;
				PRODUCT_NAME = "$(TARGET_NAME)";
				REGISTER_APP_GROUPS = YES;
				STRING_CATALOG_GENERATE_SYMBOLS = YES;
				SWIFT_APPROACHABLE_CONCURRENCY = YES;
				SWIFT_DEFAULT_ACTOR_ISOLATION = MainActor;
				SWIFT_EMIT_LOC_STRINGS = YES;
				SWIFT_UPCOMING_FEATURE_MEMBER_IMPORT_VISIBILITY = YES;
				SWIFT_VERSION = 5.0;
			};
			name = Release;
		};
		B53BC1EE2FAA954B000FA074 /* Debug */ = {
			isa = XCBuildConfiguration;
			buildSettings = {
				BUNDLE_LOADER = "$(TEST_HOST)";
				CODE_SIGN_STYLE = Automatic;
				CURRENT_PROJECT_VERSION = 1;
				DEVELOPMENT_TEAM = 4MHVF4VD93;
				GENERATE_INFOPLIST_FILE = YES;
				MACOSX_DEPLOYMENT_TARGET = 15.6;
				MARKETING_VERSION = 1.0;
				PRODUCT_BUNDLE_IDENTIFIER = com.prg.prodwatchTests;
				PRODUCT_NAME = "$(TARGET_NAME)";
				STRING_CATALOG_GENERATE_SYMBOLS = NO;
				SWIFT_APPROACHABLE_CONCURRENCY = YES;
				SWIFT_EMIT_LOC_STRINGS = NO;
				SWIFT_UPCOMING_FEATURE_MEMBER_IMPORT_VISIBILITY = YES;
				SWIFT_VERSION = 5.0;
				TEST_HOST = "$(BUILT_PRODUCTS_DIR)/prodwatch.app/$(BUNDLE_EXECUTABLE_FOLDER_PATH)/prodwatch";
			};
			name = Debug;
		};
		B53BC1EF2FAA954B000FA074 /* Release */ = {
			isa = XCBuildConfiguration;
			buildSettings = {
				BUNDLE_LOADER = "$(TEST_HOST)";
				CODE_SIGN_STYLE = Automatic;
				CURRENT_PROJECT_VERSION = 1;
				DEVELOPMENT_TEAM = 4MHVF4VD93;
				GENERATE_INFOPLIST_FILE = YES;
				MACOSX_DEPLOYMENT_TARGET = 15.6;
				MARKETING_VERSION = 1.0;
				PRODUCT_BUNDLE_IDENTIFIER = com.prg.prodwatchTests;
				PRODUCT_NAME = "$(TARGET_NAME)";
				STRING_CATALOG_GENERATE_SYMBOLS = NO;
				SWIFT_APPROACHABLE_CONCURRENCY = YES;
				SWIFT_EMIT_LOC_STRINGS = NO;
				SWIFT_UPCOMING_FEATURE_MEMBER_IMPORT_VISIBILITY = YES;
				SWIFT_VERSION = 5.0;
				TEST_HOST = "$(BUILT_PRODUCTS_DIR)/prodwatch.app/$(BUNDLE_EXECUTABLE_FOLDER_PATH)/prodwatch";
			};
			name = Release;
		};
		B53BC1F12FAA954B000FA074 /* Debug */ = {
			isa = XCBuildConfiguration;
			buildSettings = {
				CODE_SIGN_STYLE = Automatic;
				CURRENT_PROJECT_VERSION = 1;
				DEVELOPMENT_TEAM = 4MHVF4VD93;
				GENERATE_INFOPLIST_FILE = YES;
				MARKETING_VERSION = 1.0;
				PRODUCT_BUNDLE_IDENTIFIER = com.prg.prodwatchUITests;
				PRODUCT_NAME = "$(TARGET_NAME)";
				STRING_CATALOG_GENERATE_SYMBOLS = NO;
				SWIFT_APPROACHABLE_CONCURRENCY = YES;
				SWIFT_EMIT_LOC_STRINGS = NO;
				SWIFT_UPCOMING_FEATURE_MEMBER_IMPORT_VISIBILITY = YES;
				SWIFT_VERSION = 5.0;
				TEST_TARGET_NAME = prodwatch;
			};
			name = Debug;
		};
		B53BC1F22FAA954B000FA074 /* Release */ = {
			isa = XCBuildConfiguration;
			buildSettings = {
				CODE_SIGN_STYLE = Automatic;
				CURRENT_PROJECT_VERSION = 1;
				DEVELOPMENT_TEAM = 4MHVF4VD93;
				GENERATE_INFOPLIST_FILE = YES;
				MARKETING_VERSION = 1.0;
				PRODUCT_BUNDLE_IDENTIFIER = com.prg.prodwatchUITests;
				PRODUCT_NAME = "$(TARGET_NAME)";
				STRING_CATALOG_GENERATE_SYMBOLS = NO;
				SWIFT_APPROACHABLE_CONCURRENCY = YES;
				SWIFT_EMIT_LOC_STRINGS = NO;
				SWIFT_UPCOMING_FEATURE_MEMBER_IMPORT_VISIBILITY = YES;
				SWIFT_VERSION = 5.0;
				TEST_TARGET_NAME = prodwatch;
			};
			name = Release;
		};
		B550873C2FBBADBD005B7736 /* Debug */ = {
			isa = XCBuildConfiguration;
			buildSettings = {
				ASSETCATALOG_COMPILER_APPICON_NAME = prodwatch;
				ASSETCATALOG_COMPILER_GLOBAL_ACCENT_COLOR_NAME = AccentColor;
				CODE_SIGN_IDENTITY = "Apple Development";
				CODE_SIGN_STYLE = Automatic;
				CURRENT_PROJECT_VERSION = 1;
				DEVELOPMENT_TEAM = C8ZUL85WZM;
				ENABLE_PREVIEWS = YES;
				GENERATE_INFOPLIST_FILE = YES;
				INFOPLIST_FILE = "prodwatch-ios-Info.plist";
				INFOPLIST_KEY_CFBundleDisplayName = ProdWatch;
				INFOPLIST_KEY_LSApplicationCategoryType = "public.app-category.utilities";
				INFOPLIST_KEY_NSLocalNetworkUsageDescription = "This app communciates with a ProdWatch instance on the local network.";
				INFOPLIST_KEY_UIApplicationSceneManifest_Generation = YES;
				INFOPLIST_KEY_UIApplicationSupportsIndirectInputEvents = YES;
				INFOPLIST_KEY_UILaunchScreen_Generation = YES;
				INFOPLIST_KEY_UISupportedInterfaceOrientations_iPad = "UIInterfaceOrientationPortrait UIInterfaceOrientationPortraitUpsideDown UIInterfaceOrientationLandscapeLeft UIInterfaceOrientationLandscapeRight";
				INFOPLIST_KEY_UISupportedInterfaceOrientations_iPhone = "UIInterfaceOrientationPortrait UIInterfaceOrientationLandscapeLeft UIInterfaceOrientationLandscapeRight";
				IPHONEOS_DEPLOYMENT_TARGET = 18.6;
				LD_RUNPATH_SEARCH_PATHS = (
					"$(inherited)",
					"@executable_path/Frameworks",
				);
				MARKETING_VERSION = 1.0;
				PRODUCT_BUNDLE_IDENTIFIER = "sta.prodwatch-ios";
				PRODUCT_NAME = "$(TARGET_NAME)";
				PROVISIONING_PROFILE_SPECIFIER = "";
				SDKROOT = iphoneos;
				STRING_CATALOG_GENERATE_SYMBOLS = YES;
				SUPPORTED_PLATFORMS = "iphoneos iphonesimulator";
				SUPPORTS_MACCATALYST = NO;
				SUPPORTS_MAC_DESIGNED_FOR_IPHONE_IPAD = NO;
				SUPPORTS_XR_DESIGNED_FOR_IPHONE_IPAD = NO;
				SWIFT_APPROACHABLE_CONCURRENCY = YES;
				SWIFT_DEFAULT_ACTOR_ISOLATION = MainActor;
				SWIFT_EMIT_LOC_STRINGS = YES;
				SWIFT_UPCOMING_FEATURE_MEMBER_IMPORT_VISIBILITY = YES;
				SWIFT_VERSION = 5.0;
				TARGETED_DEVICE_FAMILY = "1,2";
			};
			name = Debug;
		};
		B550873D2FBBADBD005B7736 /* Release */ = {
			isa = XCBuildConfiguration;
			buildSettings = {
				ASSETCATALOG_COMPILER_APPICON_NAME = prodwatch;
				ASSETCATALOG_COMPILER_GLOBAL_ACCENT_COLOR_NAME = AccentColor;
				CODE_SIGN_IDENTITY = "Apple Development";
				CODE_SIGN_STYLE = Automatic;
				CURRENT_PROJECT_VERSION = 1;
				DEVELOPMENT_TEAM = C8ZUL85WZM;
				ENABLE_PREVIEWS = YES;
				GENERATE_INFOPLIST_FILE = YES;
				INFOPLIST_FILE = "prodwatch-ios-Info.plist";
				INFOPLIST_KEY_CFBundleDisplayName = ProdWatch;
				INFOPLIST_KEY_LSApplicationCategoryType = "public.app-category.utilities";
				INFOPLIST_KEY_NSLocalNetworkUsageDescription = "This app communciates with a ProdWatch instance on the local network.";
				INFOPLIST_KEY_UIApplicationSceneManifest_Generation = YES;
				INFOPLIST_KEY_UIApplicationSupportsIndirectInputEvents = YES;
				INFOPLIST_KEY_UILaunchScreen_Generation = YES;
				INFOPLIST_KEY_UISupportedInterfaceOrientations_iPad = "UIInterfaceOrientationPortrait UIInterfaceOrientationPortraitUpsideDown UIInterfaceOrientationLandscapeLeft UIInterfaceOrientationLandscapeRight";
				INFOPLIST_KEY_UISupportedInterfaceOrientations_iPhone = "UIInterfaceOrientationPortrait UIInterfaceOrientationLandscapeLeft UIInterfaceOrientationLandscapeRight";
				IPHONEOS_DEPLOYMENT_TARGET = 18.6;
				LD_RUNPATH_SEARCH_PATHS = (
					"$(inherited)",
					"@executable_path/Frameworks",
				);
				MARKETING_VERSION = 1.0;
				PRODUCT_BUNDLE_IDENTIFIER = "sta.prodwatch-ios";
				PRODUCT_NAME = "$(TARGET_NAME)";
				PROVISIONING_PROFILE_SPECIFIER = "";
				SDKROOT = iphoneos;
				STRING_CATALOG_GENERATE_SYMBOLS = YES;
				SUPPORTED_PLATFORMS = "iphoneos iphonesimulator";
				SUPPORTS_MACCATALYST = NO;
				SUPPORTS_MAC_DESIGNED_FOR_IPHONE_IPAD = NO;
				SUPPORTS_XR_DESIGNED_FOR_IPHONE_IPAD = NO;
				SWIFT_APPROACHABLE_CONCURRENCY = YES;
				SWIFT_DEFAULT_ACTOR_ISOLATION = MainActor;
				SWIFT_EMIT_LOC_STRINGS = YES;
				SWIFT_UPCOMING_FEATURE_MEMBER_IMPORT_VISIBILITY = YES;
				SWIFT_VERSION = 5.0;
				TARGETED_DEVICE_FAMILY = "1,2";
				VALIDATE_PRODUCT = YES;
			};
			name = Release;
		};
		B550873E2FBBADBD005B7736 /* Debug */ = {
			isa = XCBuildConfiguration;
			buildSettings = {
				BUNDLE_LOADER = "$(TEST_HOST)";
				CODE_SIGN_STYLE = Automatic;
				CURRENT_PROJECT_VERSION = 1;
				DEVELOPMENT_TEAM = 4MHVF4VD93;
				GENERATE_INFOPLIST_FILE = YES;
				IPHONEOS_DEPLOYMENT_TARGET = 26.2;
				MARKETING_VERSION = 1.0;
				PRODUCT_BUNDLE_IDENTIFIER = "sta.prodwatch-iosTests";
				PRODUCT_NAME = "$(TARGET_NAME)";
				SDKROOT = iphoneos;
				STRING_CATALOG_GENERATE_SYMBOLS = NO;
				SWIFT_APPROACHABLE_CONCURRENCY = YES;
				SWIFT_EMIT_LOC_STRINGS = NO;
				SWIFT_UPCOMING_FEATURE_MEMBER_IMPORT_VISIBILITY = YES;
				SWIFT_VERSION = 5.0;
				TARGETED_DEVICE_FAMILY = "1,2";
				TEST_HOST = "$(BUILT_PRODUCTS_DIR)/prodwatch.ios.app/$(BUNDLE_EXECUTABLE_FOLDER_PATH)/prodwatch.ios";
			};
			name = Debug;
		};
		B550873F2FBBADBD005B7736 /* Release */ = {
			isa = XCBuildConfiguration;
			buildSettings = {
				BUNDLE_LOADER = "$(TEST_HOST)";
				CODE_SIGN_STYLE = Automatic;
				CURRENT_PROJECT_VERSION = 1;
				DEVELOPMENT_TEAM = 4MHVF4VD93;
				GENERATE_INFOPLIST_FILE = YES;
				IPHONEOS_DEPLOYMENT_TARGET = 26.2;
				MARKETING_VERSION = 1.0;
				PRODUCT_BUNDLE_IDENTIFIER = "sta.prodwatch-iosTests";
				PRODUCT_NAME = "$(TARGET_NAME)";
				SDKROOT = iphoneos;
				STRING_CATALOG_GENERATE_SYMBOLS = NO;
				SWIFT_APPROACHABLE_CONCURRENCY = YES;
				SWIFT_EMIT_LOC_STRINGS = NO;
				SWIFT_UPCOMING_FEATURE_MEMBER_IMPORT_VISIBILITY = YES;
				SWIFT_VERSION = 5.0;
				TARGETED_DEVICE_FAMILY = "1,2";
				TEST_HOST = "$(BUILT_PRODUCTS_DIR)/prodwatch.ios.app/$(BUNDLE_EXECUTABLE_FOLDER_PATH)/prodwatch.ios";
				VALIDATE_PRODUCT = YES;
			};
			name = Release;
		};
		B55087402FBBADBD005B7736 /* Debug */ = {
			isa = XCBuildConfiguration;
			buildSettings = {
				CODE_SIGN_STYLE = Automatic;
				CURRENT_PROJECT_VERSION = 1;
				DEVELOPMENT_TEAM = 4MHVF4VD93;
				GENERATE_INFOPLIST_FILE = YES;
				IPHONEOS_DEPLOYMENT_TARGET = 26.2;
				MARKETING_VERSION = 1.0;
				PRODUCT_BUNDLE_IDENTIFIER = "sta.prodwatch-iosUITests";
				PRODUCT_NAME = "$(TARGET_NAME)";
				SDKROOT = iphoneos;
				STRING_CATALOG_GENERATE_SYMBOLS = NO;
				SWIFT_APPROACHABLE_CONCURRENCY = YES;
				SWIFT_EMIT_LOC_STRINGS = NO;
				SWIFT_UPCOMING_FEATURE_MEMBER_IMPORT_VISIBILITY = YES;
				SWIFT_VERSION = 5.0;
				TARGETED_DEVICE_FAMILY = "1,2";
				TEST_TARGET_NAME = prodwatch.ios;
			};
			name = Debug;
		};
		B55087412FBBADBD005B7736 /* Release */ = {
			isa = XCBuildConfiguration;
			buildSettings = {
				CODE_SIGN_STYLE = Automatic;
				CURRENT_PROJECT_VERSION = 1;
				DEVELOPMENT_TEAM = 4MHVF4VD93;
				GENERATE_INFOPLIST_FILE = YES;
				IPHONEOS_DEPLOYMENT_TARGET = 26.2;
				MARKETING_VERSION = 1.0;
				PRODUCT_BUNDLE_IDENTIFIER = "sta.prodwatch-iosUITests";
				PRODUCT_NAME = "$(TARGET_NAME)";
				SDKROOT = iphoneos;
				STRING_CATALOG_GENERATE_SYMBOLS = NO;
				SWIFT_APPROACHABLE_CONCURRENCY = YES;
				SWIFT_EMIT_LOC_STRINGS = NO;
				SWIFT_UPCOMING_FEATURE_MEMBER_IMPORT_VISIBILITY = YES;
				SWIFT_VERSION = 5.0;
				TARGETED_DEVICE_FAMILY = "1,2";
				TEST_TARGET_NAME = prodwatch.ios;
				VALIDATE_PRODUCT = YES;
			};
			name = Release;
		};
		B55087682FBBB6C7005B7736 /* Debug */ = {
			isa = XCBuildConfiguration;
			buildSettings = {
				ASSETCATALOG_COMPILER_GLOBAL_ACCENT_COLOR_NAME = AccentColor;
				ASSETCATALOG_COMPILER_WIDGET_BACKGROUND_COLOR_NAME = WidgetBackground;
				CODE_SIGN_ENTITLEMENTS = widgetExtension.entitlements;
				CODE_SIGN_STYLE = Automatic;
				CURRENT_PROJECT_VERSION = 1;
				DEVELOPMENT_TEAM = C8ZUL85WZM;
				GENERATE_INFOPLIST_FILE = YES;
				INFOPLIST_FILE = widget/Info.plist;
				INFOPLIST_KEY_CFBundleDisplayName = widget;
				INFOPLIST_KEY_NSHumanReadableCopyright = "";
				IPHONEOS_DEPLOYMENT_TARGET = 26.2;
				LD_RUNPATH_SEARCH_PATHS = (
					"$(inherited)",
					"@executable_path/Frameworks",
					"@executable_path/../../Frameworks",
				);
				MARKETING_VERSION = 1.0;
				PRODUCT_BUNDLE_IDENTIFIER = "sta.prodwatch-ios.widget";
				PRODUCT_NAME = "$(TARGET_NAME)";
				SDKROOT = iphoneos;
				SKIP_INSTALL = YES;
				STRING_CATALOG_GENERATE_SYMBOLS = YES;
				SUPPORTED_PLATFORMS = "iphoneos iphonesimulator";
				SUPPORTS_MACCATALYST = NO;
				SUPPORTS_MAC_DESIGNED_FOR_IPHONE_IPAD = NO;
				SUPPORTS_XR_DESIGNED_FOR_IPHONE_IPAD = NO;
				SWIFT_APPROACHABLE_CONCURRENCY = YES;
				SWIFT_EMIT_LOC_STRINGS = YES;
				SWIFT_UPCOMING_FEATURE_MEMBER_IMPORT_VISIBILITY = YES;
				SWIFT_VERSION = 5.0;
				TARGETED_DEVICE_FAMILY = "1,2";
			};
			name = Debug;
		};
		B55087692FBBB6C7005B7736 /* Release */ = {
			isa = XCBuildConfiguration;
			buildSettings = {
				ASSETCATALOG_COMPILER_GLOBAL_ACCENT_COLOR_NAME = AccentColor;
				ASSETCATALOG_COMPILER_WIDGET_BACKGROUND_COLOR_NAME = WidgetBackground;
				CODE_SIGN_ENTITLEMENTS = widgetExtension.entitlements;
				CODE_SIGN_STYLE = Automatic;
				CURRENT_PROJECT_VERSION = 1;
				DEVELOPMENT_TEAM = C8ZUL85WZM;
				GENERATE_INFOPLIST_FILE = YES;
				INFOPLIST_FILE = widget/Info.plist;
				INFOPLIST_KEY_CFBundleDisplayName = widget;
				INFOPLIST_KEY_NSHumanReadableCopyright = "";
				IPHONEOS_DEPLOYMENT_TARGET = 26.2;
				LD_RUNPATH_SEARCH_PATHS = (
					"$(inherited)",
					"@executable_path/Frameworks",
					"@executable_path/../../Frameworks",
				);
				MARKETING_VERSION = 1.0;
				PRODUCT_BUNDLE_IDENTIFIER = "sta.prodwatch-ios.widget";
				PRODUCT_NAME = "$(TARGET_NAME)";
				SDKROOT = iphoneos;
				SKIP_INSTALL = YES;
				STRING_CATALOG_GENERATE_SYMBOLS = YES;
				SUPPORTED_PLATFORMS = "iphoneos iphonesimulator";
				SUPPORTS_MACCATALYST = NO;
				SUPPORTS_MAC_DESIGNED_FOR_IPHONE_IPAD = NO;
				SUPPORTS_XR_DESIGNED_FOR_IPHONE_IPAD = NO;
				SWIFT_APPROACHABLE_CONCURRENCY = YES;
				SWIFT_EMIT_LOC_STRINGS = YES;
				SWIFT_UPCOMING_FEATURE_MEMBER_IMPORT_VISIBILITY = YES;
				SWIFT_VERSION = 5.0;
				TARGETED_DEVICE_FAMILY = "1,2";
				VALIDATE_PRODUCT = YES;
			};
			name = Release;
		};
/* End XCBuildConfiguration section */

/* Begin XCConfigurationList section */
		B53BC1C42FAA9547000FA074 /* Build configuration list for PBXProject "prodwatch" */ = {
			isa = XCConfigurationList;
			buildConfigurations = (
				B53BC1E82FAA954B000FA074 /* Debug */,
				B53BC1E92FAA954B000FA074 /* Release */,
			);
			defaultConfigurationIsVisible = 0;
			defaultConfigurationName = Release;
		};
		B53BC1EA2FAA954B000FA074 /* Build configuration list for PBXNativeTarget "prodwatch" */ = {
			isa = XCConfigurationList;
			buildConfigurations = (
				B53BC1EB2FAA954B000FA074 /* Debug */,
				B53BC1EC2FAA954B000FA074 /* Release */,
			);
			defaultConfigurationIsVisible = 0;
			defaultConfigurationName = Release;
		};
		B53BC1ED2FAA954B000FA074 /* Build configuration list for PBXNativeTarget "prodwatchTests" */ = {
			isa = XCConfigurationList;
			buildConfigurations = (
				B53BC1EE2FAA954B000FA074 /* Debug */,
				B53BC1EF2FAA954B000FA074 /* Release */,
			);
			defaultConfigurationIsVisible = 0;
			defaultConfigurationName = Release;
		};
		B53BC1F02FAA954B000FA074 /* Build configuration list for PBXNativeTarget "prodwatchUITests" */ = {
			isa = XCConfigurationList;
			buildConfigurations = (
				B53BC1F12FAA954B000FA074 /* Debug */,
				B53BC1F22FAA954B000FA074 /* Release */,
			);
			defaultConfigurationIsVisible = 0;
			defaultConfigurationName = Release;
		};
		B55087422FBBADBD005B7736 /* Build configuration list for PBXNativeTarget "prodwatch.ios" */ = {
			isa = XCConfigurationList;
			buildConfigurations = (
				B550873C2FBBADBD005B7736 /* Debug */,
				B550873D2FBBADBD005B7736 /* Release */,
			);
			defaultConfigurationIsVisible = 0;
			defaultConfigurationName = Release;
		};
		B55087432FBBADBD005B7736 /* Build configuration list for PBXNativeTarget "prodwatch.iosTests" */ = {
			isa = XCConfigurationList;
			buildConfigurations = (
				B550873E2FBBADBD005B7736 /* Debug */,
				B550873F2FBBADBD005B7736 /* Release */,
			);
			defaultConfigurationIsVisible = 0;
			defaultConfigurationName = Release;
		};
		B55087442FBBADBD005B7736 /* Build configuration list for PBXNativeTarget "prodwatch.iosUITests" */ = {
			isa = XCConfigurationList;
			buildConfigurations = (
				B55087402FBBADBD005B7736 /* Debug */,
				B55087412FBBADBD005B7736 /* Release */,
			);
			defaultConfigurationIsVisible = 0;
			defaultConfigurationName = Release;
		};
		B55087672FBBB6C7005B7736 /* Build configuration list for PBXNativeTarget "widgetExtension" */ = {
			isa = XCConfigurationList;
			buildConfigurations = (
				B55087682FBBB6C7005B7736 /* Debug */,
				B55087692FBBB6C7005B7736 /* Release */,
			);
			defaultConfigurationIsVisible = 0;
			defaultConfigurationName = Release;
		};
/* End XCConfigurationList section */
	};
	rootObject = B53BC1C12FAA9547000FA074 /* Project object */;
}
